
Microsoft Visual Studio Solution File, Format Version 12.00
# Visual Studio 15
VisualStudioVersion = 15.0.28307.329
MinimumVisualStudioVersion = 10.0.40219.1
Project("{FAE04EC0-301F-11D3-BF4B-00C04F79EFBC}") = "Exam-11-708", "Exam-11-708\Exam-11-708.csproj", "{F7ECD9E0-1066-4AE5-9BAE-5C302BE6B720}"
EndProject
Global
	GlobalSection(SolutionConfigurationPlatforms) = preSolution
		Debug|Any CPU = Debug|Any CPU
		Release|Any CPU = Release|Any CPU
	EndGlobalSection
	GlobalSection(ProjectConfigurationPlatforms) = postSolution
		{F7ECD9E0-1066-4AE5-9BAE-5C302BE6B720}.Debug|Any CPU.ActiveCfg = Debug|Any CPU
		{F7ECD9E0-1066-4AE5-9BAE-5C302BE6B720}.Debug|Any CPU.Build.0 = Debug|Any CPU
		{F7ECD9E0-1066-4AE5-9BAE-5C302BE6B720}.Release|Any CPU.ActiveCfg = Release|Any CPU
		{F7ECD9E0-1066-4AE5-9BAE-5C302BE6B720}.Release|Any CPU.Build.0 = Release|Any CPU
	EndGlobalSection
	GlobalSection(SolutionProperties) = preSolution
		HideSolutionNode = FALSE
	EndGlobalSection
	GlobalSection(ExtensibilityGlobals) = postSolution
		SolutionGuid = {A5CF8F84-FE9C-4F10-B05B-C632B7A4C035}
	EndGlobalSection
EndGlobal
